
Microsoft Visual Studio Solution File, Format Version 12.00
# Visual Studio 15
VisualStudioVersion = 15.0.28307.421
MinimumVisualStudioVersion = 10.0.40219.1
Project("{FAE04EC0-301F-11D3-BF4B-00C04F79EFBC}") = "WebAppHig", "WebAppHig\WebAppHig.csproj", "{0BB4AADB-C1A7-48C8-89F8-B1C7ABE5F3FC}"
EndProject
Global
	GlobalSection(SolutionConfigurationPlatforms) = preSolution
		Debug|Any CPU = Debug|Any CPU
		Release|Any CPU = Release|Any CPU
	EndGlobalSection
	GlobalSection(ProjectConfigurationPlatforms) = postSolution
		{0BB4AADB-C1A7-48C8-89F8-B1C7ABE5F3FC}.Debug|Any CPU.ActiveCfg = Debug|Any CPU
		{0BB4AADB-C1A7-48C8-89F8-B1C7ABE5F3FC}.Debug|Any CPU.Build.0 = Debug|Any CPU
		{0BB4AADB-C1A7-48C8-89F8-B1C7ABE5F3FC}.Release|Any CPU.ActiveCfg = Release|Any CPU
		{0BB4AADB-C1A7-48C8-89F8-B1C7ABE5F3FC}.Release|Any CPU.Build.0 = Release|Any CPU
	EndGlobalSection
	GlobalSection(SolutionProperties) = preSolution
		HideSolutionNode = FALSE
	EndGlobalSection
	GlobalSection(ExtensibilityGlobals) = postSolution
		SolutionGuid = {2B6A0D2E-7B87-4EF3-BF67-DE7D3DB733E3}
	EndGlobalSection
EndGlobal
